
Microsoft Visual Studio Solution File, Format Version 12.00
# Visual Studio 15
VisualStudioVersion = 15.0.28307.852
MinimumVisualStudioVersion = 10.0.40219.1
Project("{FAE04EC0-301F-11D3-BF4B-00C04F79EFBC}") = "BatchReadUserStringsSample", "BatchReadUserStringsSample\BatchReadUserStringsSample.csproj", "{229EDC42-3E87-4947-BB78-5C4178CE3426}"
EndProject
Global
	GlobalSection(SolutionConfigurationPlatforms) = preSolution
		Debug|Any CPU = Debug|Any CPU
		Release|Any CPU = Release|Any CPU
	EndGlobalSection
	GlobalSection(ProjectConfigurationPlatforms) = postSolution
		{229EDC42-3E87-4947-BB78-5C4178CE3426}.Debug|Any CPU.ActiveCfg = Debug|Any CPU
		{229EDC42-3E87-4947-BB78-5C4178CE3426}.Debug|Any CPU.Build.0 = Debug|Any CPU
		{229EDC42-3E87-4947-BB78-5C4178CE3426}.Release|Any CPU.ActiveCfg = Release|Any CPU
		{229EDC42-3E87-4947-BB78-5C4178CE3426}.Release|Any CPU.Build.0 = Release|Any CPU
	EndGlobalSection
	GlobalSection(SolutionProperties) = preSolution
		HideSolutionNode = FALSE
	EndGlobalSection
	GlobalSection(ExtensibilityGlobals) = postSolution
		SolutionGuid = {4A41ED7E-26C4-42AD-BECB-1F7EBC9FCF0B}
	EndGlobalSection
EndGlobal
